cel.dev/expr v0.25.1 h1:1KrZg61W6TWSxuNZ37Xy49ps13NUovb66QLprthtwi4=
cel.dev/expr v0.25.1/go.mod h1:hrXvqGP6G6gyx8UAHSHJ5RGk//1Oj5nXQ2NI02Nrsg4=
cloud.google.com/go/compute/metadata v0.9.0 h1:pDUj4QMoPejqq20dK0Pg2N4yG9zIkYGdBtwLoEkH9Zs=
cloud.google.com/go/compute/metadata v0.9.0/go.mod h1:E0bWwX5wTnLPedCKqk3pJmVgCBSM6qQI1yTBdEb3C10=
filippo.io/edwards25519 v1.2.0 h1:crnVqOiS4jqYleHd9vaKZ+HKtHfllngJIiOpNpoJsjo=
filippo.io/edwards25519 v1.2.0/go.mod h1:xzAOLCNug/yB62zG1bQ8uziwrIqIuxhctzJT18Q77mc=
github.com/AfterShip/clickhouse-sql-parser v0.5.1 h1:Re4BZXx0v4zVKvtumqwFSVy6Xmaui6QT/OgYL6zM3aI=
github.com/AfterShip/clickhouse-sql-parser v0.5.1/go.mod h1:Qi3qvPTfZb/aFwI5V4WFOahgjsLJa4MzVijIAfwOhDw=
github.com/ClickHouse/ch-go v0.71.0 h1:bUdZ/EZj/LcVHsMqaRUP2holqygrPWQKeMjc6nZoyRM=
github.com/ClickHouse/ch-go v0.71.0/go.mod h1:NwbNc+7jaqfY58dmdDUbG4Jl22vThgx1cYjBw0vtgXw=
github.com/ClickHouse/clickhouse-go/v2 v2.46.0 h1:s3eRy+hYmu5uzotB6ZhDofgHu8kDgGN/fpmjxRkqSpk=
github.com/ClickHouse/clickhouse-go/v2 v2.46.0/go.mod h1:giJfUVlMkcfUEPVfRpt51zZaGEx9i17gCos8gBl392c=
github.com/agext/levenshtein v1.2.1 h1:QmvMAjj2aEICytGiWzmxoE0x2KZvE0fvmqMOfy2tjT8=
github.com/agext/levenshtein v1.2.1/go.mod h1:JEDfjyjHDjOF/1e4FlBE/PkbqA9OfWu2ki2W0IB5558=
github.com/akutz/memconn v0.1.0 h1:NawI0TORU4hcOMsMr11g7vwlCdkYeLKXBcxWu2W/P8A=
github.com/akutz/memconn v0.1.0/go.mod h1:Jo8rI7m0NieZyLI5e2CDlRdRqRRB4S7Xp77ukDjH+Fw=
github.com/alexbrainman/sspi v0.0.0-20231016080023-1a75b4708caa h1:LHTHcTQiSGT7VVbI0o4wBRNQIgn917usHWOd6VAffYI=
github.com/alexbrainman/sspi v0.0.0-20231016080023-1a75b4708caa/go.mod h1:cEWa1LVoE5KvSD9ONXsZrj0z6KqySlCCNKHlLzbqAt4=
github.com/antlr4-go/antlr/v4 v4.13.1 h1:SqQKkuVZ+zWkMMNkjy5FZe5mr5WURWnlpmOuzYWrPrQ=
github.com/antlr4-go/antlr/v4 v4.13.1/go.mod h1:GKmUxMtwp6ZgGwZSva4eWPC5mS6vUAmOABFgjdkM7Nw=
github.com/apparentlymart/go-textseg/v15 v15.0.0 h1:uYvfpb3DyLSCGWnctWKGj857c6ew1u1fNQOlOtuGxQY=
github.com/apparentlymart/go-textseg/v15 v15.0.0/go.mod h1:K8XmNZdhEBkdlyDdvbmmsvpAG721bKi0joRfFdHIWJ4=
github.com/aws/aws-sdk-go-v2 v1.41.0 h1:tNvqh1s+v0vFYdA1xq0aOJH+Y5cRyZ5upu6roPgPKd4=
github.com/aws/aws-sdk-go-v2 v1.41.0/go.mod h1:MayyLB8y+buD9hZqkCW3kX1AKq07Y5pXxtgB+rRFhz0=
github.com/aws/aws-sdk-go-v2/config v1.29.5 h1:4lS2IB+wwkj5J43Tq/AwvnscBerBJtQQ6YS7puzCI1k=
github.com/aws/aws-sdk-go-v2/config v1.29.5/go.mod h1:SNzldMlDVbN6nWxM7XsUiNXPSa1LWlqiXtvh/1PrJGg=
github.com/aws/aws-sdk-go-v2/credentials v1.17.58 h1:/d7FUpAPU8Lf2KUdjniQvfNdlMID0Sd9pS23FJ3SS9Y=
github.com/aws/aws-sdk-go-v2/credentials v1.17.58/go.mod h1:aVYW33Ow10CyMQGFgC0ptMRIqJWvJ4nxZb0sUiuQT/A=
github.com/aws/aws-sdk-go-v2/feature/ec2/imds v1.16.27 h1:7lOW8NUwE9UZekS1DYoiPdVAqZ6A+LheHWb+mHbNOq8=
github.com/aws/aws-sdk-go-v2/feature/ec2/imds v1.16.27/go.mod h1:w1BASFIPOPUae7AgaH4SbjNbfdkxuggLyGfNFTn8ITY=
github.com/aws/aws-sdk-go-v2/internal/configsources v1.4.16 h1:rgGwPzb82iBYSvHMHXc8h9mRoOUBZIGFgKb9qniaZZc=
github.com/aws/aws-sdk-go-v2/internal/configsources v1.4.16/go.mod h1:L/UxsGeKpGoIj6DxfhOWHWQ/kGKcd4I1VncE4++IyKA=
github.com/aws/aws-sdk-go-v2/internal/endpoints/v2 v2.7.16 h1:1jtGzuV7c82xnqOVfx2F0xmJcOw5374L7N6juGW6x6U=
github.com/aws/aws-sdk-go-v2/internal/endpoints/v2 v2.7.16/go.mod h1:M2E5OQf+XLe+SZGmmpaI2yy+J326aFf6/+54PoxSANc=
github.com/aws/aws-sdk-go-v2/internal/ini v1.8.2 h1:Pg9URiobXy85kgFev3og2CuOZ8JZUBENF+dcgWBaYNk=
github.com/aws/aws-sdk-go-v2/internal/ini v1.8.2/go.mod h1:FbtygfRFze9usAadmnGJNc8KsP346kEe+y2/oyhGAGc=
github.com/aws/aws-sdk-go-v2/service/internal/accept-encoding v1.13.4 h1:0ryTNEdJbzUCEWkVXEXoqlXV72J5keC1GvILMOuD00E=
github.com/aws/aws-sdk-go-v2/service/internal/accept-encoding v1.13.4/go.mod h1:HQ4qwNZh32C3CBeO6iJLQlgtMzqeG17ziAA/3KDJFow=
github.com/aws/aws-sdk-go-v2/service/internal/presigned-url v1.13.16 h1:oHjJHeUy0ImIV0bsrX0X91GkV5nJAyv1l1CC9lnO0TI=
github.com/aws/aws-sdk-go-v2/service/internal/presigned-url v1.13.16/go.mod h1:iRSNGgOYmiYwSCXxXaKb9HfOEj40+oTKn8pTxMlYkRM=
github.com/aws/aws-sdk-go-v2/service/sso v1.24.14 h1:c5WJ3iHz7rLIgArznb3JCSQT3uUMiz9DLZhIX+1G8ok=
github.com/aws/aws-sdk-go-v2/service/sso v1.24.14/go.mod h1:+JJQTxB6N4niArC14YNtxcQtwEqzS3o9Z32n7q33Rfs=
github.com/aws/aws-sdk-go-v2/service/ssooidc v1.28.13 h1:f1L/JtUkVODD+k1+IiSJUUv8A++2qVr+Xvb3xWXETMU=
github.com/aws/aws-sdk-go-v2/service/ssooidc v1.28.13/go.mod h1:tvqlFoja8/s0o+UruA1Nrezo/df0PzdunMDDurUfg6U=
github.com/aws/aws-sdk-go-v2/service/sts v1.41.5 h1:SciGFVNZ4mHdm7gpD1dgZYnCuVdX1s+lFTg4+4DOy70=
github.com/aws/aws-sdk-go-v2/service/sts v1.41.5/go.mod h1:iW40X4QBmUxdP+fZNOpfmkdMZqsovezbAeO+Ubiv2pk=
github.com/aws/smithy-go v1.24.0 h1:LpilSUItNPFr1eY85RYgTIg5eIEPtvFbskaFcmmIUnk=
github.com/aws/smithy-go v1.24.0/go.mod h1:LEj2LM3rBRQJxPZTB4KuzZkaZYnZPnvgIhb4pu07mx0=
github.com/bufbuild/protocompile v0.14.1 h1:iA73zAf/fyljNjQKwYzUHD6AD4R8KMasmwa/FBatYVw=
github.com/bufbuild/protocompile v0.14.1/go.mod h1:ppVdAIhbr2H8asPk6k4pY7t9zB1OU5DoEw9xY/FUi1c=
github.com/cespare/xxhash/v2 v2.3.0 h1:UL815xU9SqsFlibzuggzjXhog7bL6oX9BbNZnL2UFvs=
github.com/cespare/xxhash/v2 v2.3.0/go.mod h1:VGX0DQ3Q6kWi7AoAeZDth3/j3BFtOZR5XLFGgcrjCOs=
github.com/coder/websocket v1.8.12 h1:5bUXkEPPIbewrnkU8LTCLVaxi4N4J8ahufH2vlo4NAo=
github.com/coder/websocket v1.8.12/go.mod h1:LNVeNrXQZfe5qhS9ALED3uA+l5pPqvwXg3CKoDBB2gs=
github.com/creachadair/msync v0.7.1 h1:SeZmuEBXQPe5GqV/C94ER7QIZPwtvFbeQiykzt/7uho=
github.com/creachadair/msync v0.7.1/go.mod h1:8CcFlLsSujfHE5wWm19uUBLHIPDAUr6LXDwneVMO008=
github.com/davecgh/go-spew v1.1.0/go.mod h1:J7Y8YcW2NihsgmVo/mv3lAwl/skON4iLHjSsI+c5H38=
github.com/davecgh/go-spew v1.1.1 h1:vj9j/u1bqnvCEfJOwUhtlOARqs3+rkHYY13jYWTU97c=
github.com/davecgh/go-spew v1.1.1/go.mod h1:J7Y8YcW2NihsgmVo/mv3lAwl/skON4iLHjSsI+c5H38=
github.com/dblohm7/wingoes v0.0.0-20240119213807-a09d6be7affa h1:h8TfIT1xc8FWbwwpmHn1J5i43Y0uZP97GqasGCzSRJk=
github.com/dblohm7/wingoes v0.0.0-20240119213807-a09d6be7affa/go.mod h1:Nx87SkVqTKd8UtT+xu7sM/l+LgXs6c0aHrlKusR+2EQ=
github.com/denoland/clawpatrol v0.2.13-0.20260615230201-124cb3d7fb2b h1:Wd+V84y+2fhhBIGNLHEqrqnRkHNBbZKE0F2nn43Lkh0=
github.com/denoland/clawpatrol v0.2.13-0.20260615230201-124cb3d7fb2b/go.mod h1:HdhMRGU0CgMRoe8OwTDrDghP8kn1pH2KeQPQZC9E7oE=
github.com/fatih/color v1.13.0/go.mod h1:kLAiJbzzSOZDVNGyDpeOxJ47H46qBXwg5ILebYFFOfk=
github.com/fatih/color v1.18.0 h1:S8gINlzdQ840/4pfAwic/ZE0djQEH3wM94VfqLTZcOM=
github.com/fatih/color v1.18.0/go.mod h1:4FelSpRwEGDpQ12mAdzqdOukCy4u8WUtOY6lkT/6HfU=
github.com/fxamacker/cbor/v2 v2.9.0 h1:NpKPmjDBgUfBms6tr6JZkTHtfFGcMKsw3eGcmD/sapM=
github.com/fxamacker/cbor/v2 v2.9.0/go.mod h1:vM4b+DJCtHn+zz7h3FFp/hDAI9WNWCsZj23V5ytsSxQ=
github.com/gaissmai/bart v0.26.1 h1:+w4rnLGNlA2GDVn382Tfe3jOsK5vOr5n4KmigJ9lbTo=
github.com/gaissmai/bart v0.26.1/go.mod h1:GREWQfTLRWz/c5FTOsIw+KkscuFkIV5t8Rp7Nd1Td5c=
github.com/go-faster/city v1.0.1 h1:4WAxSZ3V2Ws4QRDrscLEDcibJY8uf41H6AhXDrNDcGw=
github.com/go-faster/city v1.0.1/go.mod h1:jKcUJId49qdW3L1qKHH/3wPeUstCVpVSXTM6vO3VcTw=
github.com/go-faster/errors v0.7.1 h1:MkJTnDoEdi9pDabt1dpWf7AA8/BaSYZqibYyhZ20AYg=
github.com/go-faster/errors v0.7.1/go.mod h1:5ySTjWFiphBs07IKuiL69nxdfd5+fzh1u7FPGZP2quo=
github.com/go-json-experiment/json v0.0.0-20250813024750-ebf49471dced h1:Q311OHjMh/u5E2TITc++WlTP5We0xNseRMkHDyvhW7I=
github.com/go-json-experiment/json v0.0.0-20250813024750-ebf49471dced/go.mod h1:TiCD2a1pcmjd7YnhGH0f/zKNcCD06B029pHhzV23c2M=
github.com/go-logr/logr v1.4.3 h1:CjnDlHq8ikf6E492q6eKboGOC0T8CDaOvkHCIg8idEI=
github.com/go-logr/logr v1.4.3/go.mod h1:9T104GzyrTigFIr8wt5mBrctHMim0Nb2HLGrmQ40KvY=
github.com/go-logr/stdr v1.2.2 h1:hSWxHoqTgW2S2qGc0LTAI563KZ5YKYRhT3MFKZMbjag=
github.com/go-logr/stdr v1.2.2/go.mod h1:mMo/vtBO5dYbehREoey6XUKy/eSumjCCveDpRre4VKE=
github.com/go-test/deep v1.0.3 h1:ZrJSEWsXzPOxaZnFteGEfooLba+ju3FYIbOrS+rQd68=
github.com/go-test/deep v1.0.3/go.mod h1:wGDj63lr65AM2AQyKZd/NYHGb0R+1RLqB8NKt3aSFNA=
github.com/godbus/dbus/v5 v5.1.1-0.20230522191255-76236955d466 h1:sQspH8M4niEijh3PFscJRLDnkL547IeP7kpPe3uUhEg=
github.com/godbus/dbus/v5 v5.1.1-0.20230522191255-76236955d466/go.mod h1:ZiQxhyQ+bbbfxUKVvjfO498oPYvtYhZzycal3G/NHmU=
github.com/golang/groupcache v0.0.0-20241129210726-2c02b8208cf8 h1:f+oWsMOmNPc8JmEHVZIycC7hBoQxHH9pNKQORJNozsQ=
github.com/golang/groupcache v0.0.0-20241129210726-2c02b8208cf8/go.mod h1:wcDNUvekVysuuOpQKo3191zZyTpiI6se1N1ULghS0sw=
github.com/golang/protobuf v1.5.4 h1:i7eJL8qZTpSEXOPTxNKhASYpMn+8e5Q6AdndVa1dWek=
github.com/golang/protobuf v1.5.4/go.mod h1:lnTiLA8Wa4RWRcIUkrtSVa5nRhsEGBg48fD6rSs7xps=
github.com/google/btree v1.1.3 h1:CVpQJjYgC4VbzxeGVHfvZrv1ctoYCAI8vbl07Fcxlyg=
github.com/google/btree v1.1.3/go.mod h1:qOPhT0dTNdNzV6Z/lhRX0YXUafgPLFUh+gZMl761Gm4=
github.com/google/cel-go v0.28.0 h1:KjSWstCpz/MN5t4a8gnGJNIYUsJRpdi/r97xWDphIQc=
github.com/google/cel-go v0.28.0/go.mod h1:X0bD6iVNR8pkROSOoHVdgTkzmRcosof7WQqCD6wcMc8=
github.com/google/go-cmp v0.7.0 h1:wk8382ETsv4JYUZwIsn6YpYiWiBsYLSJiTsyBybVuN8=
github.com/google/go-cmp v0.7.0/go.mod h1:pXiqmnSA92OHEEa9HXL2W4E7lf9JzCmGVUdgjX3N/iU=
github.com/google/uuid v1.6.0 h1:NIvaJDMOsjHA8n1jAhLSgzrAzy1Hgr+hNrb57e+94F0=
github.com/google/uuid v1.6.0/go.mod h1:TIyPZe4MgqvfeYDBFedMoGGpEw/LqOeaOT+nhxU+yHo=
github.com/hashicorp/go-hclog v1.6.3 h1:Qr2kF+eVWjTiYmU7Y31tYlP1h0q/X3Nl3tPGdaB11/k=
github.com/hashicorp/go-hclog v1.6.3/go.mod h1:W4Qnvbt70Wk/zYJryRzDRU/4r0kIg0PVHBcfoyhpF5M=
github.com/hashicorp/go-plugin v1.8.0 h1:ie8S6RRY8RvB2usYZv+AAZ/wBvx2AU5p5QeP5j/FORs=
github.com/hashicorp/go-plugin v1.8.0/go.mod h1:BExt6KEaIYx804z8k4gRzRLEvxKVb+kn0NMcihqOqb8=
github.com/hashicorp/hcl/v2 v2.24.0 h1:2QJdZ454DSsYGoaE6QheQZjtKZSUs9Nh2izTWiwQxvE=
github.com/hashicorp/hcl/v2 v2.24.0/go.mod h1:oGoO1FIQYfn/AgyOhlg9qLC6/nOJPX3qGbkZpYAcqfM=
github.com/hashicorp/yamux v0.1.2 h1:XtB8kyFOyHXYVFnwT5C3+Bdo8gArse7j2AQ0DA0Uey8=
github.com/hashicorp/yamux v0.1.2/go.mod h1:C+zze2n6e/7wshOZep2A70/aQU6QBRWJO/G6FT1wIns=
github.com/hdevalence/ed25519consensus v0.2.0 h1:37ICyZqdyj0lAZ8P4D1d1id3HqbbG1N3iBb1Tb4rdcU=
github.com/hdevalence/ed25519consensus v0.2.0/go.mod h1:w3BHWjwJbFU29IRHL1Iqkw3sus+7FctEyM4RqDxYNzo=
github.com/huin/goupnp v1.3.0 h1:UvLUlWDNpoUdYzb2TCn+MuTWtcjXKSza2n6CBdQ0xXc=
github.com/huin/goupnp v1.3.0/go.mod h1:gnGPsThkYa7bFi/KWmEysQRf48l2dvR5bxr2OFckNX8=
github.com/jhump/protoreflect v1.17.0 h1:qOEr613fac2lOuTgWN4tPAtLL7fUSbuJL5X5XumQh94=
github.com/jhump/protoreflect v1.17.0/go.mod h1:h9+vUUL38jiBzck8ck+6G/aeMX8Z4QUY/NiJPwPNi+8=
github.com/jsimonetti/rtnetlink v1.4.0 h1:Z1BF0fRgcETPEa0Kt0MRk3yV5+kF1FWTni6KUFKrq2I=
github.com/jsimonetti/rtnetlink v1.4.0/go.mod h1:5W1jDvWdnthFJ7fxYX1GMK07BUpI4oskfOqvPteYS6E=
github.com/klauspost/compress v1.18.3 h1:9PJRvfbmTabkOX8moIpXPbMMbYN60bWImDDU7L+/6zw=
github.com/klauspost/compress v1.18.3/go.mod h1:R0h/fSBs8DE4ENlcrlib3PsXS61voFxhIs2DeRhCvJ4=
github.com/mattn/go-colorable v0.1.9/go.mod h1:u6P/XSegPjTcexA+o6vUJrdnUu04hMope9wVRipJSqc=
github.com/mattn/go-colorable v0.1.12/go.mod h1:u5H1YNBxpqRaxsYJYSkiCWKzEfiAb1Gb520KVy5xxl4=
github.com/mattn/go-colorable v0.1.14 h1:9A9LHSqF/7dyVVX6g0U9cwm9pG3kP9gSzcuIPHPsaIE=
github.com/mattn/go-colorable v0.1.14/go.mod h1:6LmQG8QLFO4G5z1gPvYEzlUgJ2wF+stgPZH1UqBm1s8=
github.com/mattn/go-isatty v0.0.12/go.mod h1:cbi8OIDigv2wuxKPP5vlRcQ1OAZbq2CE4Kysco4FUpU=
github.com/mattn/go-isatty v0.0.14/go.mod h1:7GGIvUiUoEMVVmxf/4nioHXj79iQHKdU27kJ6hsGG94=
github.com/mattn/go-isatty v0.0.20 h1:xfD0iDuEKnDkl03q4limB+vH+GxLEtL/jb4xVJSWWEY=
github.com/mattn/go-isatty v0.0.20/go.mod h1:W+V8PltTTMOvKvAeJH7IuucS94S2C6jfK/D7dTCTo3Y=
github.com/mdlayher/netlink v1.7.3-0.20250113171957-fbb4dce95f42 h1:A1Cq6Ysb0GM0tpKMbdCXCIfBclan4oHk1Jb+Hrejirg=
github.com/mdlayher/netlink v1.7.3-0.20250113171957-fbb4dce95f42/go.mod h1:BB4YCPDOzfy7FniQ/lxuYQ3dgmM2cZumHbK8RpTjN2o=
github.com/mdlayher/socket v0.5.0 h1:ilICZmJcQz70vrWVes1MFera4jGiWNocSkykwwoy3XI=
github.com/mdlayher/socket v0.5.0/go.mod h1:WkcBFfvyG8QENs5+hfQPl1X6Jpd2yeLIYgrGFmJiJxI=
github.com/mitchellh/go-ps v1.0.0 h1:i6ampVEEF4wQFF+bkYfwYgY+F/uYJDktmvLPf7qIgjc=
github.com/mitchellh/go-ps v1.0.0/go.mod h1:J4lOc8z8yJs6vUwklHw2XEIiT4z4C40KtWVN3nvg8Pg=
github.com/mitchellh/go-wordwrap v1.0.1 h1:TLuKupo69TCn6TQSyGxwI1EblZZEsQ0vMlAFQflz0v0=
github.com/mitchellh/go-wordwrap v1.0.1/go.mod h1:R62XHJLzvMFRBbcrT7m7WgmE1eOyTSsCt+hzestvNj0=
github.com/oklog/run v1.1.0 h1:GEenZ1cK0+q0+wsJew9qUg/DyD8k3JzYsZAi5gYi2mA=
github.com/oklog/run v1.1.0/go.mod h1:sVPdnTZT1zYwAJeCMu2Th4T21pA3FPOQRfWjQlk7DVU=
github.com/paulmach/orb v0.12.0 h1:z+zOwjmG3MyEEqzv92UN49Lg1JFYx0L9GpGKNVDKk1s=
github.com/paulmach/orb v0.12.0/go.mod h1:5mULz1xQfs3bmQm63QEJA6lNGujuRafwA5S/EnuLaLU=
github.com/pgplex/pgparser v0.2.0 h1:BB7I/Mrwetiw07PTq/AlXcKfajlCwoJfwB7KZ7V9irI=
github.com/pgplex/pgparser v0.2.0/go.mod h1:DWhK7oZJn/16KTFeOQ+mk78+sRnEYya1XPghIoP9NFU=
github.com/pierrec/lz4/v4 v4.1.25 h1:kocOqRffaIbU5djlIBr7Wh+cx82C0vtFb0fOurZHqD0=
github.com/pierrec/lz4/v4 v4.1.25/go.mod h1:EoQMVJgeeEOMsCqCzqFm2O0cJvljX2nGZjcRIPL34O4=
github.com/pires/go-proxyproto v0.8.1 h1:9KEixbdJfhrbtjpz/ZwCdWDD2Xem0NZ38qMYaASJgp0=
github.com/pires/go-proxyproto v0.8.1/go.mod h1:ZKAAyp3cgy5Y5Mo4n9AlScrkCZwUy0g3Jf+slqQVcuU=
github.com/pmezard/go-difflib v1.0.0 h1:4DBwDE0NGyQoBHbLQYPwSUPoCMWR5BEzIk/f1lZbAQM=
github.com/pmezard/go-difflib v1.0.0/go.mod h1:iKH77koFhYxTK1pcRnkKkqfTogsbg7gZNVY4sRDYZ/4=
github.com/prometheus-community/pro-bing v0.4.0 h1:YMbv+i08gQz97OZZBwLyvmmQEEzyfyrrjEaAchdy3R4=
github.com/prometheus-community/pro-bing v0.4.0/go.mod h1:b7wRYZtCcPmt4Sz319BykUU241rWLe1VFXyiyWK/dH4=
github.com/safchain/ethtool v0.3.0 h1:gimQJpsI6sc1yIqP/y8GYgiXn/NjgvpM0RNoWLVVmP0=
github.com/safchain/ethtool v0.3.0/go.mod h1:SA9BwrgyAqNo7M+uaL6IYbxpm5wk3L7Mm6ocLW+CJUs=
github.com/segmentio/asm v1.2.1 h1:DTNbBqs57ioxAD4PrArqftgypG4/qNpXoJx8TVXxPR0=
github.com/segmentio/asm v1.2.1/go.mod h1:BqMnlJP91P8d+4ibuonYZw9mfnzI9HfxselHZr5aAcs=
github.com/shopspring/decimal v1.4.0 h1:bxl37RwXBklmTi0C79JfXCEBD1cqqHt0bbgBAGFp81k=
github.com/shopspring/decimal v1.4.0/go.mod h1:gawqmDU56v4yIKSwfBSFip1HdCCXN8/+DMd9qYNcwME=
github.com/stretchr/objx v0.1.0/go.mod h1:HFkY916IF+rwdDfMAkV7OtwuqBVzrE8GR6GFx+wExME=
github.com/stretchr/testify v1.7.2 h1:4jaiDzPyXQvSd7D0EjG45355tLlV3VOECpq10pLC+8s=
github.com/stretchr/testify v1.7.2/go.mod h1:R6va5+xMeoiuVRoj+gSkQ7d3FALtqAAGI1FQKckRals=
github.com/tailscale/certstore v0.1.1-0.20231202035212-d3fa0460f47e h1:PtWT87weP5LWHEY//SWsYkSO3RWRZo4OSWagh3YD2vQ=
github.com/tailscale/certstore v0.1.1-0.20231202035212-d3fa0460f47e/go.mod h1:XrBNfAFN+pwoWuksbFS9Ccxnopa15zJGgXRFN90l3K4=
github.com/tailscale/go-winio v0.0.0-20231025203758-c4f33415bf55 h1:Gzfnfk2TWrk8Jj4P4c1a3CtQyMaTVCznlkLZI++hok4=
github.com/tailscale/go-winio v0.0.0-20231025203758-c4f33415bf55/go.mod h1:4k4QO+dQ3R5FofL+SanAUZe+/QfeK0+OIuwDIRu2vSg=
github.com/tailscale/hujson v0.0.0-20221223112325-20486734a56a h1:SJy1Pu0eH1C29XwJucQo73FrleVK6t4kYz4NVhp34Yw=
github.com/tailscale/hujson v0.0.0-20221223112325-20486734a56a/go.mod h1:DFSS3NAGHthKo1gTlmEcSBiZrRJXi28rLNd/1udP1c8=
github.com/tailscale/peercred v0.0.0-20250107143737-35a0c7bd7edc h1:24heQPtnFR+yfntqhI3oAu9i27nEojcQ4NuBQOo5ZFA=
github.com/tailscale/peercred v0.0.0-20250107143737-35a0c7bd7edc/go.mod h1:f93CXfllFsO9ZQVq+Zocb1Gp4G5Fz0b0rXHLOzt/Djc=
github.com/tailscale/web-client-prebuilt v0.0.0-20250124233751-d4cd19a26976 h1:UBPHPtv8+nEAy2PD8RyAhOYvau1ek0HDJqLS/Pysi14=
github.com/tailscale/web-client-prebuilt v0.0.0-20250124233751-d4cd19a26976/go.mod h1:agQPE6y6ldqCOui2gkIh7ZMztTkIQKH049tv8siLuNQ=
github.com/tailscale/wireguard-go v0.0.0-20250716170648-1d0488a3d7da h1:jVRUZPRs9sqyKlYHHzHjAqKN+6e/Vog6NpHYeNPJqOw=
github.com/tailscale/wireguard-go v0.0.0-20250716170648-1d0488a3d7da/go.mod h1:BOm5fXUBFM+m9woLNBoxI9TaBXXhGNP50LX/TGIvGb4=
github.com/x448/float16 v0.8.4 h1:qLwI1I70+NjRFUR3zs1JPUCgaCXSh3SW62uAKT1mSBM=
github.com/x448/float16 v0.8.4/go.mod h1:14CWIYCyZA/cWjXOioeEpHeN/83MdbZDRQHoFcYsOfg=
github.com/zclconf/go-cty v1.16.3 h1:osr++gw2T61A8KVYHoQiFbFd1Lh3JOCXc/jFLJXKTxk=
github.com/zclconf/go-cty v1.16.3/go.mod h1:VvMs5i0vgZdhYawQNq5kePSpLAoz8u1xvZgrPIxfnZE=
github.com/zclconf/go-cty-debug v0.0.0-20240509010212-0d6042c53940 h1:4r45xpDWB6ZMSMNJFMOjqrGHynW3DIBuR2H9j0ug+Mo=
github.com/zclconf/go-cty-debug v0.0.0-20240509010212-0d6042c53940/go.mod h1:CmBdvvj3nqzfzJ6nTCIwDTPZ56aVGvDrmztiO5g3qrM=
go.opentelemetry.io/auto/sdk v1.2.1 h1:jXsnJ4Lmnqd11kwkBV2LgLoFMZKizbCi5fNZ/ipaZ64=
go.opentelemetry.io/auto/sdk v1.2.1/go.mod h1:KRTj+aOaElaLi+wW1kO/DZRXwkF4C5xPbEe3ZiIhN7Y=
go.opentelemetry.io/otel v1.43.0 h1:mYIM03dnh5zfN7HautFE4ieIig9amkNANT+xcVxAj9I=
go.opentelemetry.io/otel v1.43.0/go.mod h1:JuG+u74mvjvcm8vj8pI5XiHy1zDeoCS2LB1spIq7Ay0=
go.opentelemetry.io/otel/metric v1.43.0 h1:d7638QeInOnuwOONPp4JAOGfbCEpYb+K6DVWvdxGzgM=
go.opentelemetry.io/otel/metric v1.43.0/go.mod h1:RDnPtIxvqlgO8GRW18W6Z/4P462ldprJtfxHxyKd2PY=
go.opentelemetry.io/otel/sdk v1.43.0 h1:pi5mE86i5rTeLXqoF/hhiBtUNcrAGHLKQdhg4h4V9Dg=
go.opentelemetry.io/otel/sdk v1.43.0/go.mod h1:P+IkVU3iWukmiit/Yf9AWvpyRDlUeBaRg6Y+C58QHzg=
go.opentelemetry.io/otel/sdk/metric v1.43.0 h1:S88dyqXjJkuBNLeMcVPRFXpRw2fuwdvfCGLEo89fDkw=
go.opentelemetry.io/otel/sdk/metric v1.43.0/go.mod h1:C/RJtwSEJ5hzTiUz5pXF1kILHStzb9zFlIEe85bhj6A=
go.opentelemetry.io/otel/trace v1.43.0 h1:BkNrHpup+4k4w+ZZ86CZoHHEkohws8AY+WTX09nk+3A=
go.opentelemetry.io/otel/trace v1.43.0/go.mod h1:/QJhyVBUUswCphDVxq+8mld+AvhXZLhe+8WVFxiFff0=
go.yaml.in/yaml/v3 v3.0.4 h1:tfq32ie2Jv2UxXFdLJdh3jXuOzWiL1fo0bu/FbuKpbc=
go.yaml.in/yaml/v3 v3.0.4/go.mod h1:DhzuOOF2ATzADvBadXxruRBLzYTpT36CKvDb3+aBEFg=
go4.org/mem v0.0.0-20240501181205-ae6ca9944745 h1:Tl++JLUCe4sxGu8cTpDzRLd3tN7US4hOxG5YpKCzkek=
go4.org/mem v0.0.0-20240501181205-ae6ca9944745/go.mod h1:reUoABIJ9ikfM5sgtSF3Wushcza7+WeD01VB9Lirh3g=
go4.org/netipx v0.0.0-20231129151722-fdeea329fbba h1:0b9z3AuHCjxk0x/opv64kcgZLBseWJUpBw5I82+2U4M=
go4.org/netipx v0.0.0-20231129151722-fdeea329fbba/go.mod h1:PLyyIXexvUFg3Owu6p/WfdlivPbZJsZdgWZlrGope/Y=
golang.org/x/crypto v0.50.0 h1:zO47/JPrL6vsNkINmLoo/PH1gcxpls50DNogFvB5ZGI=
golang.org/x/crypto v0.50.0/go.mod h1:3muZ7vA7PBCE6xgPX7nkzzjiUq87kRItoJQM1Yo8S+Q=
golang.org/x/exp v0.0.0-20250620022241-b7579e27df2b h1:M2rDM6z3Fhozi9O7NWsxAkg/yqS/lQJ6PmkyIV3YP+o=
golang.org/x/exp v0.0.0-20250620022241-b7579e27df2b/go.mod h1:3//PLf8L/X+8b4vuAfHzxeRUl04Adcb341+IGKfnqS8=
golang.org/x/mod v0.34.0 h1:xIHgNUUnW6sYkcM5Jleh05DvLOtwc6RitGHbDk4akRI=
golang.org/x/mod v0.34.0/go.mod h1:ykgH52iCZe79kzLLMhyCUzhMci+nQj+0XkbXpNYtVjY=
golang.org/x/net v0.53.0 h1:d+qAbo5L0orcWAr0a9JweQpjXF19LMXJE8Ey7hwOdUA=
golang.org/x/net v0.53.0/go.mod h1:JvMuJH7rrdiCfbeHoo3fCQU24Lf5JJwT9W3sJFulfgs=
golang.org/x/oauth2 v0.36.0 h1:peZ/1z27fi9hUOFCAZaHyrpWG5lwe0RJEEEeH0ThlIs=
golang.org/x/oauth2 v0.36.0/go.mod h1:YDBUJMTkDnJS+A4BP4eZBjCqtokkg1hODuPjwiGPO7Q=
golang.org/x/sync v0.20.0 h1:e0PTpb7pjO8GAtTs2dQ6jYa5BWYlMuX047Dco/pItO4=
golang.org/x/sync v0.20.0/go.mod h1:9xrNwdLfx4jkKbNva9FpL6vEN7evnE43NNNJQ2LF3+0=
golang.org/x/sys v0.0.0-20200116001909-b77594299b42/go.mod h1:h1NjWce9XRLGQEsW7wpKNCjG9DtNlClVuFLEZdDNbEs=
golang.org/x/sys v0.0.0-20200223170610-d5e6a3e2c0ae/go.mod h1:h1NjWce9XRLGQEsW7wpKNCjG9DtNlClVuFLEZdDNbEs=
golang.org/x/sys v0.0.0-20210630005230-0f9fa26af87c/go.mod h1:oPkhp1MJrh7nUepCBck5+mAzfO9JrbApNNgaTdGDITg=
golang.org/x/sys v0.0.0-20210927094055-39ccf1dd6fa6/go.mod h1:oPkhp1MJrh7nUepCBck5+mAzfO9JrbApNNgaTdGDITg=
golang.org/x/sys v0.0.0-20220503163025-988cb79eb6c6/go.mod h1:oPkhp1MJrh7nUepCBck5+mAzfO9JrbApNNgaTdGDITg=
golang.org/x/sys v0.6.0/go.mod h1:oPkhp1MJrh7nUepCBck5+mAzfO9JrbApNNgaTdGDITg=
golang.org/x/sys v0.43.0 h1:Rlag2XtaFTxp19wS8MXlJwTvoh8ArU6ezoyFsMyCTNI=
golang.org/x/sys v0.43.0/go.mod h1:4GL1E5IUh+htKOUEOaiffhrAeqysfVGipDYzABqnCmw=
golang.org/x/term v0.42.0 h1:UiKe+zDFmJobeJ5ggPwOshJIVt6/Ft0rcfrXZDLWAWY=
golang.org/x/term v0.42.0/go.mod h1:Dq/D+snpsbazcBG5+F9Q1n2rXV8Ma+71xEjTRufARgY=
golang.org/x/text v0.36.0 h1:JfKh3XmcRPqZPKevfXVpI1wXPTqbkE5f7JA92a55Yxg=
golang.org/x/text v0.36.0/go.mod h1:NIdBknypM8iqVmPiuco0Dh6P5Jcdk8lJL0CUebqK164=
golang.org/x/time v0.14.0 h1:MRx4UaLrDotUKUdCIqzPC48t1Y9hANFKIRpNx+Te8PI=
golang.org/x/time v0.14.0/go.mod h1:eL/Oa2bBBK0TkX57Fyni+NgnyQQN4LitPmob2Hjnqw4=
golang.org/x/tools v0.43.0 h1:12BdW9CeB3Z+J/I/wj34VMl8X+fEXBxVR90JeMX5E7s=
golang.org/x/tools v0.43.0/go.mod h1:uHkMso649BX2cZK6+RpuIPXS3ho2hZo4FVwfoy1vIk0=
golang.zx2c4.com/wintun v0.0.0-20230126152724-0fa3db229ce2 h1:B82qJJgjvYKsXS9jeunTOisW56dUokqW/FOteYJJ/yg=
golang.zx2c4.com/wintun v0.0.0-20230126152724-0fa3db229ce2/go.mod h1:deeaetjYA+DHMHg+sMSMI58GrEteJUUzzw7en6TJQcI=
golang.zx2c4.com/wireguard v0.0.0-20250521234502-f333402bd9cb h1:whnFRlWMcXI9d+ZbWg+4sHnLp52d5yiIPUxMBSt4X9A=
golang.zx2c4.com/wireguard/windows v0.5.3 h1:On6j2Rpn3OEMXqBq00QEDC7bWSZrPIHKIus8eIuExIE=
golang.zx2c4.com/wireguard/windows v0.5.3/go.mod h1:9TEe8TJmtwyQebdFwAkEWOPr3prrtqm+REGFifP60hI=
gonum.org/v1/gonum v0.17.0 h1:VbpOemQlsSMrYmn7T2OUvQ4dqxQXU+ouZFQsZOx50z4=
gonum.org/v1/gonum v0.17.0/go.mod h1:El3tOrEuMpv2UdMrbNlKEh9vd86bmQ6vqIcDwxEOc1E=
google.golang.org/genproto/googleapis/api v0.0.0-20260401024825-9d38bb4040a9 h1:VPWxll4HlMw1Vs/qXtN7BvhZqsS9cdAittCNvVENElA=
google.golang.org/genproto/googleapis/api v0.0.0-20260401024825-9d38bb4040a9/go.mod h1:7QBABkRtR8z+TEnmXTqIqwJLlzrZKVfAUm7tY3yGv0M=
google.golang.org/genproto/googleapis/rpc v0.0.0-20260401024825-9d38bb4040a9 h1:m8qni9SQFH0tJc1X0vmnpw/0t+AImlSvp30sEupozUg=
google.golang.org/genproto/googleapis/rpc v0.0.0-20260401024825-9d38bb4040a9/go.mod h1:4Hqkh8ycfw05ld/3BWL7rJOSfebL2Q+DVDeRgYgxUU8=
google.golang.org/grpc v1.80.0 h1:Xr6m2WmWZLETvUNvIUmeD5OAagMw3FiKmMlTdViWsHM=
google.golang.org/grpc v1.80.0/go.mod h1:ho/dLnxwi3EDJA4Zghp7k2Ec1+c2jqup0bFkw07bwF4=
google.golang.org/protobuf v1.36.12-0.20260120151049-f2248ac996af h1:+5/Sw3GsDNlEmu7TfklWKPdQ0Ykja5VEmq2i817+jbI=
google.golang.org/protobuf v1.36.12-0.20260120151049-f2248ac996af/go.mod h1:HTf+CrKn2C3g5S8VImy6tdcUvCska2kB7j23XfzDpco=
gopkg.in/check.v1 v0.0.0-20161208181325-20d25e280405/go.mod h1:Co6ibVJAznAaIkqp8huTwlJQCZ016jof/cbN4VW5Yz0=
gopkg.in/yaml.v3 v3.0.1 h1:fxVm/GzAzEWqLHuvctI91KS9hhNmmWOoWu0XTYJS7CA=
gopkg.in/yaml.v3 v3.0.1/go.mod h1:K4uyk7z7BCEPqu6E+C64Yfv1cQ7kz7rIZviUmN+EgEM=
gvisor.dev/gvisor v0.0.0-20260430062247-6520f0ab6e7a h1:e+dt0Z+rgnUm/OG3im3szvnsMUtR/FukrHnCbuTA8s0=
gvisor.dev/gvisor v0.0.0-20260430062247-6520f0ab6e7a/go.mod h1:xQ2PWgHmWJA/Ph4i1q1jBm39BKhc3W0DXqWoDSyuBOY=
tailscale.com v1.96.5 h1:gNkfA/KSZAl6jCH9cj8urq00HRWItDDTtGsyATI89jA=
tailscale.com v1.96.5/go.mod h1:/3lnZBYb2UEwnN0MNu2SDXUtT06AGd5k0s+OWx3WmcY=
